
Microsoft Visual Studio Solution File, Format Version 12.00
# Visual Studio 15
VisualStudioVersion = 15.0.27428.2037
MinimumVisualStudioVersion = 10.0.40219.1
Project("{888888A0-9F3D-457C-B088-3A5042F75D52}") = "ws-chat-master", "ws-chat-master.pyproj", "{421A90C4-7FDC-4B9D-A216-C2A4319632FA}"
EndProject
Global
	GlobalSection(SolutionConfigurationPlatforms) = preSolution
		Debug|Any CPU = Debug|Any CPU
		Release|Any CPU = Release|Any CPU
	EndGlobalSection
	GlobalSection(ProjectConfigurationPlatforms) = postSolution
		{421A90C4-7FDC-4B9D-A216-C2A4319632FA}.Debug|Any CPU.ActiveCfg = Debug|Any CPU
		{421A90C4-7FDC-4B9D-A216-C2A4319632FA}.Release|Any CPU.ActiveCfg = Release|Any CPU
	EndGlobalSection
	GlobalSection(SolutionProperties) = preSolution
		HideSolutionNode = FALSE
	EndGlobalSection
	GlobalSection(ExtensibilityGlobals) = postSolution
		SolutionGuid = {F0CCCCD2-566E-413F-BABB-BB65D0073D86}
	EndGlobalSection
EndGlobal
